
Microsoft Visual Studio Solution File, Format Version 11.00
# Visual Studio 2010
Project("{FAE04EC0-301F-11D3-BF4B-00C04F79EFBC}") = "3D Virtual Environment", "Assembly-CSharp-firstpass.csproj", "{84A96DDF-9409-C8D2-E7F5-F74BFB539523}"
EndProject
Project("{FAE04EC0-301F-11D3-BF4B-00C04F79EFBC}") = "3D Virtual Environment", "Assembly-CSharp.csproj", "{2284F8C4-C8C4-F1EB-EA0E-FF22B1A79B21}"
EndProject
Project("{FAE04EC0-301F-11D3-BF4B-00C04F79EFBC}") = "3D Virtual Environment", "Assembly-CSharp-Editor-firstpass.csproj", "{3C03A3AD-8F3B-66AA-ECE0-3E16CE67D45A}"
EndProject
Project("{FAE04EC0-301F-11D3-BF4B-00C04F79EFBC}") = "3D Virtual Environment", "Assembly-CSharp-Editor.csproj", "{9B561CC5-5B21-CA1D-3A99-6582DFC3F001}"
EndProject
Global
	GlobalSection(SolutionConfigurationPlatforms) = preSolution
		Debug|Any CPU = Debug|Any CPU
		Release|Any CPU = Release|Any CPU
	EndGlobalSection
	GlobalSection(ProjectConfigurationPlatforms) = postSolution
		{84A96DDF-9409-C8D2-E7F5-F74BFB539523}.Debug|Any CPU.ActiveCfg = Debug|Any CPU
		{84A96DDF-9409-C8D2-E7F5-F74BFB539523}.Debug|Any CPU.Build.0 = Debug|Any CPU
		{84A96DDF-9409-C8D2-E7F5-F74BFB539523}.Release|Any CPU.ActiveCfg = Release|Any CPU
		{84A96DDF-9409-C8D2-E7F5-F74BFB539523}.Release|Any CPU.Build.0 = Release|Any CPU
		{2284F8C4-C8C4-F1EB-EA0E-FF22B1A79B21}.Debug|Any CPU.ActiveCfg = Debug|Any CPU
		{2284F8C4-C8C4-F1EB-EA0E-FF22B1A79B21}.Debug|Any CPU.Build.0 = Debug|Any CPU
		{2284F8C4-C8C4-F1EB-EA0E-FF22B1A79B21}.Release|Any CPU.ActiveCfg = Release|Any CPU
		{2284F8C4-C8C4-F1EB-EA0E-FF22B1A79B21}.Release|Any CPU.Build.0 = Release|Any CPU
		{3C03A3AD-8F3B-66AA-ECE0-3E16CE67D45A}.Debug|Any CPU.ActiveCfg = Debug|Any CPU
		{3C03A3AD-8F3B-66AA-ECE0-3E16CE67D45A}.Debug|Any CPU.Build.0 = Debug|Any CPU
		{3C03A3AD-8F3B-66AA-ECE0-3E16CE67D45A}.Release|Any CPU.ActiveCfg = Release|Any CPU
		{3C03A3AD-8F3B-66AA-ECE0-3E16CE67D45A}.Release|Any CPU.Build.0 = Release|Any CPU
		{9B561CC5-5B21-CA1D-3A99-6582DFC3F001}.Debug|Any CPU.ActiveCfg = Debug|Any CPU
		{9B561CC5-5B21-CA1D-3A99-6582DFC3F001}.Debug|Any CPU.Build.0 = Debug|Any CPU
		{9B561CC5-5B21-CA1D-3A99-6582DFC3F001}.Release|Any CPU.ActiveCfg = Release|Any CPU
		{9B561CC5-5B21-CA1D-3A99-6582DFC3F001}.Release|Any CPU.Build.0 = Release|Any CPU
	EndGlobalSection
	GlobalSection(SolutionProperties) = preSolution
		HideSolutionNode = FALSE
	EndGlobalSection
	GlobalSection(MonoDevelopProperties) = preSolution
		StartupItem = Assembly-CSharp.csproj
	EndGlobalSection
EndGlobal
